// !$*UTF8*$!
{
	archiveVersion = 1;
	classes = {
	};
	objectVersion = 77;
	objects = {

/* Begin PBXContainerItemProxy section */
		5BD402652F5D719B0042F285 /* PBXContainerItemProxy */ = {
			isa = PBXContainerItemProxy;
			containerPortal = 5BD4024F2F5D719B0042F285 /* Project object */;
			proxyType = 1;
			remoteGlobalIDString = 5BD402562F5D719B0042F285;
			remoteInfo = "Moonlit Reel";
		};
		5BD4026F2F5D719B0042F285 /* PBXContainerItemProxy */ = {
			isa = PBXContainerItemProxy;
			containerPortal = 5BD4024F2F5D719B0042F285 /* Project object */;
			proxyType = 1;
			remoteGlobalIDString = 5BD402562F5D719B0042F285;
			remoteInfo = "Moonlit Reel";
		};
/* End PBXContainerItemProxy section */

/* Begin PBXFileReference section */
		5BD402572F5D719B0042F285 /* Moonlit Reel.app */ = {isa = PBXFileReference; explicitFileType = wrapper.application; includeInIndex = 0; path = "Moonlit Reel.app"; sourceTree = BUILT_PRODUCTS_DIR; };
		5BD402642F5D719B0042F285 /* Moonlit ReelTests.xctest */ = {isa = PBXFileReference; explicitFileType = wrapper.cfbundle; includeInIndex = 0; path = "Moonlit ReelTests.xctest"; sourceTree = BUILT_PRODUCTS_DIR; };
		5BD4026E2F5D719B0042F285 /* Moonlit ReelUITests.xctest */ = {isa = PBXFileReference; explicitFileType = wrapper.cfbundle; includeInIndex = 0; path = "Moonlit ReelUITests.xctest"; sourceTree = BUILT_PRODUCTS_DIR; };
/* End PBXFileReference section */

/* Begin PBXFileSystemSynchronizedRootGroup section */
		5BD402592F5D719B0042F285 /* Moonlit Reel */ = {
			isa = PBXFileSystemSynchronizedRootGroup;
			path = "Moonlit Reel";
			sourceTree = "<group>";
		};
		5BD402672F5D719B0042F285 /* Moonlit ReelTests */ = {
			isa = PBXFileSystemSynchronizedRootGroup;
			path = "Moonlit ReelTests";
			sourceTree = "<group>";
		};
		5BD402712F5D719B0042F285 /* Moonlit ReelUITests */ = {
			isa = PBXFileSystemSynchronizedRootGroup;
			path = "Moonlit ReelUITests";
			sourceTree = "<group>";
		};
/* End PBXFileSystemSynchronizedRootGroup section */

/* Begin PBXFrameworksBuildPhase section */
		5BD402542F5D719B0042F285 /* Frameworks */ = {
			isa = PBXFrameworksBuildPhase;
			buildActionMask = 2147483647;
			files = (
			);
			runOnlyForDeploymentPostprocessing = 0;
		};
		5BD402612F5D719B0042F285 /* Frameworks */ = {
			isa = PBXFrameworksBuildPhase;
			buildActionMask = 2147483647;
			files = (
			);
			runOnlyForDeploymentPostprocessing = 0;
		};
		5BD4026B2F5D719B0042F285 /* Frameworks */ = {
			isa = PBXFrameworksBuildPhase;
			buildActionMask = 2147483647;
			files = (
			);
			runOnlyForDeploymentPostprocessing = 0;
		};
/* End PBXFrameworksBuildPhase section */

/* Begin PBXGroup section */
		5BD4024E2F5D719B0042F285 = {
			isa = PBXGroup;
			children = (
				5BD402592F5D719B0042F285 /* Moonlit Reel */,
				5BD402672F5D719B0042F285 /* Moonlit ReelTests */,
				5BD402712F5D719B0042F285 /* Moonlit ReelUITests */,
				5BD402582F5D719B0042F285 /* Products */,
			);
			sourceTree = "<group>";
		};
		5BD402582F5D719B0042F285 /* Products */ = {
			isa = PBXGroup;
			children = (
				5BD402572F5D719B0042F285 /* Moonlit Reel.app */,
				5BD402642F5D719B0042F285 /* Moonlit ReelTests.xctest */,
				5BD4026E2F5D719B0042F285 /* Moonlit ReelUITests.xctest */,
			);
			name = Products;
			sourceTree = "<group>";
		};
/* End PBXGroup section */

/* Begin PBXNativeTarget section */
		5BD402562F5D719B0042F285 /* Moonlit Reel */ = {
			isa = PBXNativeTarget;
			buildConfigurationList = 5BD402782F5D719B0042F285 /* Build configuration list for PBXNativeTarget "Moonlit Reel" */;
			buildPhases = (
				5BD402532F5D719B0042F285 /* Sources */,
				5BD402542F5D719B0042F285 /* Frameworks */,
				5BD402552F5D719B0042F285 /* Resources */,
			);
			buildRules = (
			);
			dependencies = (
			);
			fileSystemSynchronizedGroups = (
				5BD402592F5D719B0042F285 /* Moonlit Reel */,
			);
			name = "Moonlit Reel";
			packageProductDependencies = (
			);
			productName = "Moonlit Reel";
			productReference = 5BD402572F5D719B0042F285 /* Moonlit Reel.app */;
			productType = "com.apple.product-type.application";
		};
		5BD402632F5D719B0042F285 /* Moonlit ReelTests */ = {
			isa = PBXNativeTarget;
			buildConfigurationList = 5BD4027B2F5D719B0042F285 /* Build configuration list for PBXNativeTarget "Moonlit ReelTests" */;
			buildPhases = (
				5BD402602F5D719B0042F285 /* Sources */,
				5BD402612F5D719B0042F285 /* Frameworks */,
				5BD402622F5D719B0042F285 /* Resources */,
			);
			buildRules = (
			);
			dependencies = (
				5BD402662F5D719B0042F285 /* PBXTargetDependency */,
			);
			fileSystemSynchronizedGroups = (
				5BD402672F5D719B0042F285 /* Moonlit ReelTests */,
			);
			name = "Moonlit ReelTests";
			packageProductDependencies = (
			);
			productName = "Moonlit ReelTests";
			productReference = 5BD402642F5D719B0042F285 /* Moonlit ReelTests.xctest */;
			productType = "com.apple.product-type.bundle.unit-test";
		};
		5BD4026D2F5D719B0042F285 /* Moonlit ReelUITests */ = {
			isa = PBXNativeTarget;
			buildConfigurationList = 5BD4027E2F5D719B0042F285 /* Build configuration list for PBXNativeTarget "Moonlit ReelUITests" */;
			buildPhases = (
				5BD4026A2F5D719B0042F285 /* Sources */,
				5BD4026B2F5D719B0042F285 /* Frameworks */,
				5BD4026C2F5D719B0042F285 /* Resources */,
			);
			buildRules = (
			);
			dependencies = (
				5BD402702F5D719B0042F285 /* PBXTargetDependency */,
			);
			fileSystemSynchronizedGroups = (
				5BD402712F5D719B0042F285 /* Moonlit ReelUITests */,
			);
			name = "Moonlit ReelUITests";
			packageProductDependencies = (
			);
			productName = "Moonlit ReelUITests";
			productReference = 5BD4026E2F5D719B0042F285 /* Moonlit ReelUITests.xctest */;
			productType = "com.apple.product-type.bundle.ui-testing";
		};
/* End PBXNativeTarget section */

/* Begin PBXProject section */
		5BD4024F2F5D719B0042F285 /* Project object */ = {
			isa = PBXProject;
			attributes = {
				BuildIndependentTargetsInParallel = 1;
				LastSwiftUpdateCheck = 2620;
				LastUpgradeCheck = 2620;
				TargetAttributes = {
					5BD402562F5D719B0042F285 = {
						CreatedOnToolsVersion = 26.2;
					};
					5BD402632F5D719B0042F285 = {
						CreatedOnToolsVersion = 26.2;
						TestTargetID = 5BD402562F5D719B0042F285;
					};
					5BD4026D2F5D719B0042F285 = {
						CreatedOnToolsVersion = 26.2;
						TestTargetID = 5BD402562F5D719B0042F285;
					};
				};
			};
			buildConfigurationList = 5BD402522F5D719B0042F285 /* Build configuration list for PBXProject "Moonlit Reel" */;
			developmentRegion = en;
			hasScannedForEncodings = 0;
			knownRegions = (
				en,
				Base,
			);
			mainGroup = 5BD4024E2F5D719B0042F285;
			minimizedProjectReferenceProxies = 1;
			preferredProjectObjectVersion = 77;
			productRefGroup = 5BD402582F5D719B0042F285 /* Products */;
			projectDirPath = "";
			projectRoot = "";
			targets = (
				5BD402562F5D719B0042F285 /* Moonlit Reel */,
				5BD402632F5D719B0042F285 /* Moonlit ReelTests */,
				5BD4026D2F5D719B0042F285 /* Moonlit ReelUITests */,
			);
		};
/* End PBXProject section */

/* Begin PBXResourcesBuildPhase section */
		5BD402552F5D719B0042F285 /* Resources */ = {
			isa = PBXResourcesBuildPhase;
			buildActionMask = 2147483647;
			files = (
			);
			runOnlyForDeploymentPostprocessing = 0;
		};
		5BD402622F5D719B0042F285 /* Resources */ = {
			isa = PBXResourcesBuildPhase;
			buildActionMask = 2147483647;
			files = (
			);
			runOnlyForDeploymentPostprocessing = 0;
		};
		5BD4026C2F5D719B0042F285 /* Resources */ = {
			isa = PBXResourcesBuildPhase;
			buildActionMask = 2147483647;
			files = (
			);
			runOnlyForDeploymentPostprocessing = 0;
		};
/* End PBXResourcesBuildPhase section */

/* Begin PBXSourcesBuildPhase section */
		5BD402532F5D719B0042F285 /* Sources */ = {
			isa = PBXSourcesBuildPhase;
			buildActionMask = 2147483647;
			files = (
			);
			runOnlyForDeploymentPostprocessing = 0;
		};
		5BD402602F5D719B0042F285 /* Sources */ = {
			isa = PBXSourcesBuildPhase;
			buildActionMask = 2147483647;
			files = (
			);
			runOnlyForDeploymentPostprocessing = 0;
		};
		5BD4026A2F5D719B0042F285 /* Sources */ = {
			isa = PBXSourcesBuildPhase;
			buildActionMask = 2147483647;
			files = (
			);
			runOnlyForDeploymentPostprocessing = 0;
		};
/* End PBXSourcesBuildPhase section */

/* Begin PBXTargetDependency section */
		5BD402662F5D719B0042F285 /* PBXTargetDependency */ = {
			isa = PBXTargetDependency;
			target = 5BD402562F5D719B0042F285 /* Moonlit Reel */;
			targetProxy = 5BD402652F5D719B0042F285 /* PBXContainerItemProxy */;
		};
		5BD402702F5D719B0042F285 /* PBXTargetDependency */ = {
			isa = PBXTargetDependency;
			target = 5BD402562F5D719B0042F285 /* Moonlit Reel */;
			targetProxy = 5BD4026F2F5D719B0042F285 /* PBXContainerItemProxy */;
		};
/* End PBXTargetDependency section */

/* Begin XCBuildConfiguration section */
		5BD402762F5D719B0042F285 /* Debug */ = {
			isa = XCBuildConfiguration;
			buildSettings = {
				ALWAYS_SEARCH_USER_PATHS = NO;
				ASSETCATALOG_COMPILER_GENERATE_SWIFT_ASSET_SYMBOL_EXTENSIONS = YES;
				CLANG_ANALYZER_NONNULL = YES;
				CLANG_ANALYZER_NUMBER_OBJECT_CONVERSION = YES_AGGRESSIVE;
				CLANG_CXX_LANGUAGE_STANDARD = "gnu++20";
				CLANG_ENABLE_MODULES = YES;
				CLANG_ENABLE_OBJC_ARC = YES;
				CLANG_ENABLE_OBJC_WEAK = YES;
				CLANG_WARN_BLOCK_CAPTURE_AUTORELEASING = YES;
				CLANG_WARN_BOOL_CONVERSION = YES;
				CLANG_WARN_COMMA = YES;
				CLANG_WARN_CONSTANT_CONVERSION = YES;
				CLANG_WARN_DEPRECATED_OBJC_IMPLEMENTATIONS = YES;
				CLANG_WARN_DIRECT_OBJC_ISA_USAGE = YES_ERROR;
				CLANG_WARN_DOCUMENTATION_COMMENTS = YES;
				CLANG_WARN_EMPTY_BODY = YES;
				CLANG_WARN_ENUM_CONVERSION = YES;
				CLANG_WARN_INFINITE_RECURSION = YES;
				CLANG_WARN_INT_CONVERSION = YES;
				CLANG_WARN_NON_LITERAL_NULL_CONVERSION = YES;
				CLANG_WARN_OBJC_IMPLICIT_RETAIN_SELF = YES;
				CLANG_WARN_OBJC_LITERAL_CONVERSION = YES;
				CLANG_WARN_OBJC_ROOT_CLASS = YES_ERROR;
				CLANG_WARN_QUOTED_INCLUDE_IN_FRAMEWORK_HEADER = YES;
				CLANG_WARN_RANGE_LOOP_ANALYSIS = YES;
				CLANG_WARN_STRICT_PROTOTYPES = YES;
				CLANG_WARN_SUSPICIOUS_MOVE = YES;
				CLANG_WARN_UNGUARDED_AVAILABILITY = YES_AGGRESSIVE;
				CLANG_WARN_UNREACHABLE_CODE = YES;
				CLANG_WARN__DUPLICATE_METHOD_MATCH = YES;
				COPY_PHASE_STRIP = NO;
				DEBUG_INFORMATION_FORMAT = dwarf;
				ENABLE_STRICT_OBJC_MSGSEND = YES;
				ENABLE_TESTABILITY = YES;
				ENABLE_USER_SCRIPT_SANDBOXING = YES;
				GCC_C_LANGUAGE_STANDARD = gnu17;
				GCC_DYNAMIC_NO_PIC = NO;
				GCC_NO_COMMON_BLOCKS = YES;
				GCC_OPTIMIZATION_LEVEL = 0;
				GCC_PREPROCESSOR_DEFINITIONS = (
					"DEBUG=1",
					"$(inherited)",
				);
				GCC_WARN_64_TO_32_BIT_CONVERSION = YES;
				GCC_WARN_ABOUT_RETURN_TYPE = YES_ERROR;
				GCC_WARN_UNDECLARED_SELECTOR = YES;
				GCC_WARN_UNINITIALIZED_AUTOS = YES_AGGRESSIVE;
				GCC_WARN_UNUSED_FUNCTION = YES;
				GCC_WARN_UNUSED_VARIABLE = YES;
				LOCALIZATION_PREFERS_STRING_CATALOGS = YES;
				MACOSX_DEPLOYMENT_TARGET = 26.2;
				MTL_ENABLE_DEBUG_INFO = INCLUDE_SOURCE;
				MTL_FAST_MATH = YES;
				ONLY_ACTIVE_ARCH = YES;
				SDKROOT = macosx;
				SWIFT_ACTIVE_COMPILATION_CONDITIONS = "DEBUG $(inherited)";
				SWIFT_OPTIMIZATION_LEVEL = "-Onone";
			};
			name = Debug;
		};
		5BD402772F5D719B0042F285 /* Release */ = {
			isa = XCBuildConfiguration;
			buildSettings = {
				ALWAYS_SEARCH_USER_PATHS = NO;
				ASSETCATALOG_COMPILER_GENERATE_SWIFT_ASSET_SYMBOL_EXTENSIONS = YES;
				CLANG_ANALYZER_NONNULL = YES;
				CLANG_ANALYZER_NUMBER_OBJECT_CONVERSION = YES_AGGRESSIVE;
				CLANG_CXX_LANGUAGE_STANDARD = "gnu++20";
				CLANG_ENABLE_MODULES = YES;
				CLANG_ENABLE_OBJC_ARC = YES;
				CLANG_ENABLE_OBJC_WEAK = YES;
				CLANG_WARN_BLOCK_CAPTURE_AUTORELEASING = YES;
				CLANG_WARN_BOOL_CONVERSION = YES;
				CLANG_WARN_COMMA = YES;
				CLANG_WARN_CONSTANT_CONVERSION = YES;
				CLANG_WARN_DEPRECATED_OBJC_IMPLEMENTATIONS = YES;
				CLANG_WARN_DIRECT_OBJC_ISA_USAGE = YES_ERROR;
				CLANG_WARN_DOCUMENTATION_COMMENTS = YES;
				CLANG_WARN_EMPTY_BODY = YES;
				CLANG_WARN_ENUM_CONVERSION = YES;
				CLANG_WARN_INFINITE_RECURSION = YES;
				CLANG_WARN_INT_CONVERSION = YES;
				CLANG_WARN_NON_LITERAL_NULL_CONVERSION = YES;
				CLANG_WARN_OBJC_IMPLICIT_RETAIN_SELF = YES;
				CLANG_WARN_OBJC_LITERAL_CONVERSION = YES;
				CLANG_WARN_OBJC_ROOT_CLASS = YES_ERROR;
				CLANG_WARN_QUOTED_INCLUDE_IN_FRAMEWORK_HEADER = YES;
				CLANG_WARN_RANGE_LOOP_ANALYSIS = YES;
				CLANG_WARN_STRICT_PROTOTYPES = YES;
				CLANG_WARN_SUSPICIOUS_MOVE = YES;
				CLANG_WARN_UNGUARDED_AVAILABILITY = YES_AGGRESSIVE;
				CLANG_WARN_UNREACHABLE_CODE = YES;
				CLANG_WARN__DUPLICATE_METHOD_MATCH = YES;
				COPY_PHASE_STRIP = NO;
				DEBUG_INFORMATION_FORMAT = "dwarf-with-dsym";
				ENABLE_NS_ASSERTIONS = NO;
				ENABLE_STRICT_OBJC_MSGSEND = YES;
				ENABLE_USER_SCRIPT_SANDBOXING = YES;
				GCC_C_LANGUAGE_STANDARD = gnu17;
				GCC_NO_COMMON_BLOCKS = YES;
				GCC_WARN_64_TO_32_BIT_CONVERSION = YES;
				GCC_WARN_ABOUT_RETURN_TYPE = YES_ERROR;
				GCC_WARN_UNDECLARED_SELECTOR = YES;
				GCC_WARN_UNINITIALIZED_AUTOS = YES_AGGRESSIVE;
				GCC_WARN_UNUSED_FUNCTION = YES;
				GCC_WARN_UNUSED_VARIABLE = YES;
				LOCALIZATION_PREFERS_STRING_CATALOGS = YES;
				MACOSX_DEPLOYMENT_TARGET = 26.2;
				MTL_ENABLE_DEBUG_INFO = NO;
				MTL_FAST_MATH = YES;
				SDKROOT = macosx;
				SWIFT_COMPILATION_MODE = wholemodule;
			};
			name = Release;
		};
		5BD402792F5D719B0042F285 /* Debug */ = {
			isa = XCBuildConfiguration;
			buildSettings = {
				ASSETCATALOG_COMPILER_APPICON_NAME = AppIcon;
				ASSETCATALOG_COMPILER_GLOBAL_ACCENT_COLOR_NAME = AccentColor;
				CODE_SIGN_STYLE = Automatic;
				COMBINE_HIDPI_IMAGES = YES;
				CURRENT_PROJECT_VERSION = 1;
				ENABLE_APP_SANDBOX = YES;
				ENABLE_PREVIEWS = YES;
				ENABLE_USER_SELECTED_FILES = readonly;
				GENERATE_INFOPLIST_FILE = YES;
				INFOPLIST_KEY_NSHumanReadableCopyright = "";
				LD_RUNPATH_SEARCH_PATHS = (
					"$(inherited)",
					"@executable_path/../Frameworks",
				);
				MARKETING_VERSION = 1.0;
				PRODUCT_BUNDLE_IDENTIFIER = "com.github.Martin-Aziz.moonlitreel.Moonlit-Reel";
				PRODUCT_NAME = "$(TARGET_NAME)";
				REGISTER_APP_GROUPS = YES;
				STRING_CATALOG_GENERATE_SYMBOLS = YES;
				SWIFT_APPROACHABLE_CONCURRENCY = YES;
				SWIFT_DEFAULT_ACTOR_ISOLATION = MainActor;
				SWIFT_EMIT_LOC_STRINGS = YES;
				SWIFT_UPCOMING_FEATURE_MEMBER_IMPORT_VISIBILITY = YES;
				SWIFT_VERSION = 5.0;
			};
			name = Debug;
		};
		5BD4027A2F5D719B0042F285 /* Release */ = {
			isa = XCBuildConfiguration;
			buildSettings = {
				ASSETCATALOG_COMPILER_APPICON_NAME = AppIcon;
				ASSETCATALOG_COMPILER_GLOBAL_ACCENT_COLOR_NAME = AccentColor;
				CODE_SIGN_STYLE = Automatic;
				COMBINE_HIDPI_IMAGES = YES;
				CURRENT_PROJECT_VERSION = 1;
				ENABLE_APP_SANDBOX = YES;
				ENABLE_PREVIEWS = YES;
				ENABLE_USER_SELECTED_FILES = readonly;
				GENERATE_INFOPLIST_FILE = YES;
				INFOPLIST_KEY_NSHumanReadableCopyright = "";
				LD_RUNPATH_SEARCH_PATHS = (
					"$(inherited)",
					"@executable_path/../Frameworks",
				);
				MARKETING_VERSION = 1.0;
				PRODUCT_BUNDLE_IDENTIFIER = "com.github.Martin-Aziz.moonlitreel.Moonlit-Reel";
				PRODUCT_NAME = "$(TARGET_NAME)";
				REGISTER_APP_GROUPS = YES;
				STRING_CATALOG_GENERATE_SYMBOLS = YES;
				SWIFT_APPROACHABLE_CONCURRENCY = YES;
				SWIFT_DEFAULT_ACTOR_ISOLATION = MainActor;
				SWIFT_EMIT_LOC_STRINGS = YES;
				SWIFT_UPCOMING_FEATURE_MEMBER_IMPORT_VISIBILITY = YES;
				SWIFT_VERSION = 5.0;
			};
			name = Release;
		};
		5BD4027C2F5D719B0042F285 /* Debug */ = {
			isa = XCBuildConfiguration;
			buildSettings = {
				BUNDLE_LOADER = "$(TEST_HOST)";
				CODE_SIGN_STYLE = Automatic;
				CURRENT_PROJECT_VERSION = 1;
				GENERATE_INFOPLIST_FILE = YES;
				MACOSX_DEPLOYMENT_TARGET = 26.2;
				MARKETING_VERSION = 1.0;
				PRODUCT_BUNDLE_IDENTIFIER = "com.github.Martin-Aziz.moonlitreel.Moonlit-ReelTests";
				PRODUCT_NAME = "$(TARGET_NAME)";
				STRING_CATALOG_GENERATE_SYMBOLS = NO;
				SWIFT_APPROACHABLE_CONCURRENCY = YES;
				SWIFT_EMIT_LOC_STRINGS = NO;
				SWIFT_UPCOMING_FEATURE_MEMBER_IMPORT_VISIBILITY = YES;
				SWIFT_VERSION = 5.0;
				TEST_HOST = "$(BUILT_PRODUCTS_DIR)/Moonlit Reel.app/$(BUNDLE_EXECUTABLE_FOLDER_PATH)/Moonlit Reel";
			};
			name = Debug;
		};
		5BD4027D2F5D719B0042F285 /* Release */ = {
			isa = XCBuildConfiguration;
			buildSettings = {
				BUNDLE_LOADER = "$(TEST_HOST)";
				CODE_SIGN_STYLE = Automatic;
				CURRENT_PROJECT_VERSION = 1;
				GENERATE_INFOPLIST_FILE = YES;
				MACOSX_DEPLOYMENT_TARGET = 26.2;
				MARKETING_VERSION = 1.0;
				PRODUCT_BUNDLE_IDENTIFIER = "com.github.Martin-Aziz.moonlitreel.Moonlit-ReelTests";
				PRODUCT_NAME = "$(TARGET_NAME)";
				STRING_CATALOG_GENERATE_SYMBOLS = NO;
				SWIFT_APPROACHABLE_CONCURRENCY = YES;
				SWIFT_EMIT_LOC_STRINGS = NO;
				SWIFT_UPCOMING_FEATURE_MEMBER_IMPORT_VISIBILITY = YES;
				SWIFT_VERSION = 5.0;
				TEST_HOST = "$(BUILT_PRODUCTS_DIR)/Moonlit Reel.app/$(BUNDLE_EXECUTABLE_FOLDER_PATH)/Moonlit Reel";
			};
			name = Release;
		};
		5BD4027F2F5D719B0042F285 /* Debug */ = {
			isa = XCBuildConfiguration;
			buildSettings = {
				CODE_SIGN_STYLE = Automatic;
				CURRENT_PROJECT_VERSION = 1;
				GENERATE_INFOPLIST_FILE = YES;
				MARKETING_VERSION = 1.0;
				PRODUCT_BUNDLE_IDENTIFIER = "com.github.Martin-Aziz.moonlitreel.Moonlit-ReelUITests";
				PRODUCT_NAME = "$(TARGET_NAME)";
				STRING_CATALOG_GENERATE_SYMBOLS = NO;
				SWIFT_APPROACHABLE_CONCURRENCY = YES;
				SWIFT_EMIT_LOC_STRINGS = NO;
				SWIFT_UPCOMING_FEATURE_MEMBER_IMPORT_VISIBILITY = YES;
				SWIFT_VERSION = 5.0;
				TEST_TARGET_NAME = "Moonlit Reel";
			};
			name = Debug;
		};
		5BD402802F5D719B0042F285 /* Release */ = {
			isa = XCBuildConfiguration;
			buildSettings = {
				CODE_SIGN_STYLE = Automatic;
				CURRENT_PROJECT_VERSION = 1;
				GENERATE_INFOPLIST_FILE = YES;
				MARKETING_VERSION = 1.0;
				PRODUCT_BUNDLE_IDENTIFIER = "com.github.Martin-Aziz.moonlitreel.Moonlit-ReelUITests";
				PRODUCT_NAME = "$(TARGET_NAME)";
				STRING_CATALOG_GENERATE_SYMBOLS = NO;
				SWIFT_APPROACHABLE_CONCURRENCY = YES;
				SWIFT_EMIT_LOC_STRINGS = NO;
				SWIFT_UPCOMING_FEATURE_MEMBER_IMPORT_VISIBILITY = YES;
				SWIFT_VERSION = 5.0;
				TEST_TARGET_NAME = "Moonlit Reel";
			};
			name = Release;
		};
/* End XCBuildConfiguration section */

/* Begin XCConfigurationList section */
		5BD402522F5D719B0042F285 /* Build configuration list for PBXProject "Moonlit Reel" */ = {
			isa = XCConfigurationList;
			buildConfigurations = (
				5BD402762F5D719B0042F285 /* Debug */,
				5BD402772F5D719B0042F285 /* Release */,
			);
			defaultConfigurationIsVisible = 0;
			defaultConfigurationName = Release;
		};
		5BD402782F5D719B0042F285 /* Build configuration list for PBXNativeTarget "Moonlit Reel" */ = {
			isa = XCConfigurationList;
			buildConfigurations = (
				5BD402792F5D719B0042F285 /* Debug */,
				5BD4027A2F5D719B0042F285 /* Release */,
			);
			defaultConfigurationIsVisible = 0;
			defaultConfigurationName = Release;
		};
		5BD4027B2F5D719B0042F285 /* Build configuration list for PBXNativeTarget "Moonlit ReelTests" */ = {
			isa = XCConfigurationList;
			buildConfigurations = (
				5BD4027C2F5D719B0042F285 /* Debug */,
				5BD4027D2F5D719B0042F285 /* Release */,
			);
			defaultConfigurationIsVisible = 0;
			defaultConfigurationName = Release;
		};
		5BD4027E2F5D719B0042F285 /* Build configuration list for PBXNativeTarget "Moonlit ReelUITests" */ = {
			isa = XCConfigurationList;
			buildConfigurations = (
				5BD4027F2F5D719B0042F285 /* Debug */,
				5BD402802F5D719B0042F285 /* Release */,
			);
			defaultConfigurationIsVisible = 0;
			defaultConfigurationName = Release;
		};
/* End XCConfigurationList section */
	};
	rootObject = 5BD4024F2F5D719B0042F285 /* Project object */;
}
